
Microsoft Visual Studio Solution File, Format Version 11.00
# Visual Studio 2010
Project("{FAE04EC0-301F-11D3-BF4B-00C04F79EFBC}") = "SilverlightApplication1", "SilverlightApplication1\SilverlightApplication1.csproj", "{5CA97BB2-B37F-45E4-9684-C3AF33A98C9D}"
EndProject
Global
	GlobalSection(SolutionConfigurationPlatforms) = preSolution
		Debug|Any CPU = Debug|Any CPU
		Release|Any CPU = Release|Any CPU
	EndGlobalSection
	GlobalSection(ProjectConfigurationPlatforms) = postSolution
		{5CA97BB2-B37F-45E4-9684-C3AF33A98C9D}.Debug|Any CPU.ActiveCfg = Debug|Any CPU
		{5CA97BB2-B37F-45E4-9684-C3AF33A98C9D}.Debug|Any CPU.Build.0 = Debug|Any CPU
		{5CA97BB2-B37F-45E4-9684-C3AF33A98C9D}.Release|Any CPU.ActiveCfg = Release|Any CPU
		{5CA97BB2-B37F-45E4-9684-C3AF33A98C9D}.Release|Any CPU.Build.0 = Release|Any CPU
	EndGlobalSection
	GlobalSection(SolutionProperties) = preSolution
		HideSolutionNode = FALSE
	EndGlobalSection
EndGlobal
